
Microsoft Visual Studio Solution File, Format Version 12.00
# Visual Studio Version 17
VisualStudioVersion = 17.3.32825.248
MinimumVisualStudioVersion = 10.0.40219.1
Project("{9A19103F-16F7-4668-BE54-9A1E7A4F7556}") = "Stage0", "Stage0\Stage0.csproj", "{06B780A1-AC4D-4CDD-9067-3E300E87496A}"
EndProject
Project("{2150E333-8FDC-42A3-9474-1A3956D46DE8}") = "Solution Items", "Solution Items", "{7D7B57C5-49B7-4198-A442-D5CB4385FCAE}"
	ProjectSection(SolutionItems) = preProject
		..\README.md = ..\README.md
	EndProjectSection
EndProject
Project("{9A19103F-16F7-4668-BE54-9A1E7A4F7556}") = "DalFacade", "DalFacade\DalFacade.csproj", "{D83E6CF0-F7BC-4BB1-8968-6BCE49365EDA}"
EndProject
Project("{9A19103F-16F7-4668-BE54-9A1E7A4F7556}") = "DalTest", "DalTest\DalTest.csproj", "{29860979-4112-45BB-8E2C-0D803089CD45}"
	ProjectSection(ProjectDependencies) = postProject
		{911BA922-1060-4755-AB56-8C4FD8C15DB8} = {911BA922-1060-4755-AB56-8C4FD8C15DB8}
	EndProjectSection
EndProject
Project("{9A19103F-16F7-4668-BE54-9A1E7A4F7556}") = "DalList", "DalList\DalList.csproj", "{911BA922-1060-4755-AB56-8C4FD8C15DB8}"
EndProject
Project("{9A19103F-16F7-4668-BE54-9A1E7A4F7556}") = "BL", "BL\BL.csproj", "{C665C8C6-39B4-40B1-867A-3C92C0C01112}"
EndProject
Project("{9A19103F-16F7-4668-BE54-9A1E7A4F7556}") = "BlTest", "BlTest\BlTest.csproj", "{DB0865E5-FB83-431F-9384-E83A5F0E0AED}"
EndProject
Project("{FAE04EC0-301F-11D3-BF4B-00C04F79EFBC}") = "PL", "PL\PL.csproj", "{8CB681B1-0872-4ED0-89C8-0C13A1F42E40}"
EndProject
Global
	GlobalSection(SolutionConfigurationPlatforms) = preSolution
		Debug|Any CPU = Debug|Any CPU
		Release|Any CPU = Release|Any CPU
	EndGlobalSection
	GlobalSection(ProjectConfigurationPlatforms) = postSolution
		{06B780A1-AC4D-4CDD-9067-3E300E87496A}.Debug|Any CPU.ActiveCfg = Debug|Any CPU
		{06B780A1-AC4D-4CDD-9067-3E300E87496A}.Debug|Any CPU.Build.0 = Debug|Any CPU
		{06B780A1-AC4D-4CDD-9067-3E300E87496A}.Release|Any CPU.ActiveCfg = Release|Any CPU
		{06B780A1-AC4D-4CDD-9067-3E300E87496A}.Release|Any CPU.Build.0 = Release|Any CPU
		{D83E6CF0-F7BC-4BB1-8968-6BCE49365EDA}.Debug|Any CPU.ActiveCfg = Debug|Any CPU
		{D83E6CF0-F7BC-4BB1-8968-6BCE49365EDA}.Debug|Any CPU.Build.0 = Debug|Any CPU
		{D83E6CF0-F7BC-4BB1-8968-6BCE49365EDA}.Release|Any CPU.ActiveCfg = Release|Any CPU
		{D83E6CF0-F7BC-4BB1-8968-6BCE49365EDA}.Release|Any CPU.Build.0 = Release|Any CPU
		{29860979-4112-45BB-8E2C-0D803089CD45}.Debug|Any CPU.ActiveCfg = Debug|Any CPU
		{29860979-4112-45BB-8E2C-0D803089CD45}.Debug|Any CPU.Build.0 = Debug|Any CPU
		{29860979-4112-45BB-8E2C-0D803089CD45}.Release|Any CPU.ActiveCfg = Release|Any CPU
		{29860979-4112-45BB-8E2C-0D803089CD45}.Release|Any CPU.Build.0 = Release|Any CPU
		{911BA922-1060-4755-AB56-8C4FD8C15DB8}.Debug|Any CPU.ActiveCfg = Debug|Any CPU
		{911BA922-1060-4755-AB56-8C4FD8C15DB8}.Debug|Any CPU.Build.0 = Debug|Any CPU
		{911BA922-1060-4755-AB56-8C4FD8C15DB8}.Release|Any CPU.ActiveCfg = Release|Any CPU
		{911BA922-1060-4755-AB56-8C4FD8C15DB8}.Release|Any CPU.Build.0 = Release|Any CPU
		{C665C8C6-39B4-40B1-867A-3C92C0C01112}.Debug|Any CPU.ActiveCfg = Debug|Any CPU
		{C665C8C6-39B4-40B1-867A-3C92C0C01112}.Debug|Any CPU.Build.0 = Debug|Any CPU
		{C665C8C6-39B4-40B1-867A-3C92C0C01112}.Release|Any CPU.ActiveCfg = Release|Any CPU
		{C665C8C6-39B4-40B1-867A-3C92C0C01112}.Release|Any CPU.Build.0 = Release|Any CPU
		{DB0865E5-FB83-431F-9384-E83A5F0E0AED}.Debug|Any CPU.ActiveCfg = Debug|Any CPU
		{DB0865E5-FB83-431F-9384-E83A5F0E0AED}.Debug|Any CPU.Build.0 = Debug|Any CPU
		{DB0865E5-FB83-431F-9384-E83A5F0E0AED}.Release|Any CPU.ActiveCfg = Release|Any CPU
		{DB0865E5-FB83-431F-9384-E83A5F0E0AED}.Release|Any CPU.Build.0 = Release|Any CPU
		{8CB681B1-0872-4ED0-89C8-0C13A1F42E40}.Debug|Any CPU.ActiveCfg = Debug|Any CPU
		{8CB681B1-0872-4ED0-89C8-0C13A1F42E40}.Debug|Any CPU.Build.0 = Debug|Any CPU
		{8CB681B1-0872-4ED0-89C8-0C13A1F42E40}.Release|Any CPU.ActiveCfg = Release|Any CPU
		{8CB681B1-0872-4ED0-89C8-0C13A1F42E40}.Release|Any CPU.Build.0 = Release|Any CPU
	EndGlobalSection
	GlobalSection(SolutionProperties) = preSolution
		HideSolutionNode = FALSE
	EndGlobalSection
	GlobalSection(ExtensibilityGlobals) = postSolution
		SolutionGuid = {7C114F42-F5AC-4F8E-9B1E-647BCF609324}
	EndGlobalSection
EndGlobal
